
Microsoft Visual Studio Solution File, Format Version 12.00
# Visual Studio 14
VisualStudioVersion = 14.0.25420.1
MinimumVisualStudioVersion = 10.0.40219.1
Project("{FAE04EC0-301F-11D3-BF4B-00C04F79EFBC}") = "LinksManager.UI", "LinksManager\LinksManager.UI.csproj", "{861620AF-8051-47BD-9504-8B9881D2D295}"
EndProject
Project("{FAE04EC0-301F-11D3-BF4B-00C04F79EFBC}") = "LinksManager.Entities", "..\LinkManager.Entities\LinksManager.Entities.csproj", "{71FC9646-B8F9-49A4-BE64-9B4DC35E0C4B}"
EndProject
Project("{FAE04EC0-301F-11D3-BF4B-00C04F79EFBC}") = "LinksManager.Repositories", "LinksManager.Repositories\LinksManager.Repositories.csproj", "{D046505D-7F6F-4625-BD97-29DD7E0E7654}"
EndProject
Global
	GlobalSection(SolutionConfigurationPlatforms) = preSolution
		Debug|Any CPU = Debug|Any CPU
		Release|Any CPU = Release|Any CPU
	EndGlobalSection
	GlobalSection(ProjectConfigurationPlatforms) = postSolution
		{861620AF-8051-47BD-9504-8B9881D2D295}.Debug|Any CPU.ActiveCfg = Debug|Any CPU
		{861620AF-8051-47BD-9504-8B9881D2D295}.Debug|Any CPU.Build.0 = Debug|Any CPU
		{861620AF-8051-47BD-9504-8B9881D2D295}.Release|Any CPU.ActiveCfg = Release|Any CPU
		{861620AF-8051-47BD-9504-8B9881D2D295}.Release|Any CPU.Build.0 = Release|Any CPU
		{71FC9646-B8F9-49A4-BE64-9B4DC35E0C4B}.Debug|Any CPU.ActiveCfg = Debug|Any CPU
		{71FC9646-B8F9-49A4-BE64-9B4DC35E0C4B}.Debug|Any CPU.Build.0 = Debug|Any CPU
		{71FC9646-B8F9-49A4-BE64-9B4DC35E0C4B}.Release|Any CPU.ActiveCfg = Release|Any CPU
		{71FC9646-B8F9-49A4-BE64-9B4DC35E0C4B}.Release|Any CPU.Build.0 = Release|Any CPU
		{D046505D-7F6F-4625-BD97-29DD7E0E7654}.Debug|Any CPU.ActiveCfg = Debug|Any CPU
		{D046505D-7F6F-4625-BD97-29DD7E0E7654}.Debug|Any CPU.Build.0 = Debug|Any CPU
		{D046505D-7F6F-4625-BD97-29DD7E0E7654}.Release|Any CPU.ActiveCfg = Release|Any CPU
		{D046505D-7F6F-4625-BD97-29DD7E0E7654}.Release|Any CPU.Build.0 = Release|Any CPU
	EndGlobalSection
	GlobalSection(SolutionProperties) = preSolution
		HideSolutionNode = FALSE
	EndGlobalSection
EndGlobal
